
Microsoft Visual Studio Solution File, Format Version 12.00
# Visual Studio Version 17
VisualStudioVersion = 17.10.35027.167
MinimumVisualStudioVersion = 10.0.40219.1
Project("{FAE04EC0-301F-11D3-BF4B-00C04F79EFBC}") = "DataAccess", "DataAccess\DataAccess.csproj", "{304084BD-3ADD-4701-9900-D44FF3F1A6F0}"
EndProject
Project("{FAE04EC0-301F-11D3-BF4B-00C04F79EFBC}") = "Business", "Business\Business.csproj", "{93A3F9BE-EC1D-41F6-A0B7-32C5D83FADA3}"
EndProject
Project("{FAE04EC0-301F-11D3-BF4B-00C04F79EFBC}") = "Core", "Core\Core.csproj", "{0A374305-9442-4126-A538-3B8DDB82DA06}"
EndProject
Project("{FAE04EC0-301F-11D3-BF4B-00C04F79EFBC}") = "Entities", "Entities\Entities.csproj", "{FA29AEFF-27A4-45F1-93E9-F43820F16009}"
EndProject
Project("{FAE04EC0-301F-11D3-BF4B-00C04F79EFBC}") = "WebAPI", "WebAPI\WebAPI.csproj", "{AA6C40A6-49F7-4B00-8131-8775589C4CBE}"
EndProject
Global
	GlobalSection(SolutionConfigurationPlatforms) = preSolution
		Debug|Any CPU = Debug|Any CPU
		Release|Any CPU = Release|Any CPU
	EndGlobalSection
	GlobalSection(ProjectConfigurationPlatforms) = postSolution
		{304084BD-3ADD-4701-9900-D44FF3F1A6F0}.Debug|Any CPU.ActiveCfg = Debug|Any CPU
		{304084BD-3ADD-4701-9900-D44FF3F1A6F0}.Debug|Any CPU.Build.0 = Debug|Any CPU
		{304084BD-3ADD-4701-9900-D44FF3F1A6F0}.Release|Any CPU.ActiveCfg = Release|Any CPU
		{304084BD-3ADD-4701-9900-D44FF3F1A6F0}.Release|Any CPU.Build.0 = Release|Any CPU
		{93A3F9BE-EC1D-41F6-A0B7-32C5D83FADA3}.Debug|Any CPU.ActiveCfg = Debug|Any CPU
		{93A3F9BE-EC1D-41F6-A0B7-32C5D83FADA3}.Debug|Any CPU.Build.0 = Debug|Any CPU
		{93A3F9BE-EC1D-41F6-A0B7-32C5D83FADA3}.Release|Any CPU.ActiveCfg = Release|Any CPU
		{93A3F9BE-EC1D-41F6-A0B7-32C5D83FADA3}.Release|Any CPU.Build.0 = Release|Any CPU
		{0A374305-9442-4126-A538-3B8DDB82DA06}.Debug|Any CPU.ActiveCfg = Debug|Any CPU
		{0A374305-9442-4126-A538-3B8DDB82DA06}.Debug|Any CPU.Build.0 = Debug|Any CPU
		{0A374305-9442-4126-A538-3B8DDB82DA06}.Release|Any CPU.ActiveCfg = Release|Any CPU
		{0A374305-9442-4126-A538-3B8DDB82DA06}.Release|Any CPU.Build.0 = Release|Any CPU
		{FA29AEFF-27A4-45F1-93E9-F43820F16009}.Debug|Any CPU.ActiveCfg = Debug|Any CPU
		{FA29AEFF-27A4-45F1-93E9-F43820F16009}.Debug|Any CPU.Build.0 = Debug|Any CPU
		{FA29AEFF-27A4-45F1-93E9-F43820F16009}.Release|Any CPU.ActiveCfg = Release|Any CPU
		{FA29AEFF-27A4-45F1-93E9-F43820F16009}.Release|Any CPU.Build.0 = Release|Any CPU
		{AA6C40A6-49F7-4B00-8131-8775589C4CBE}.Debug|Any CPU.ActiveCfg = Debug|Any CPU
		{AA6C40A6-49F7-4B00-8131-8775589C4CBE}.Debug|Any CPU.Build.0 = Debug|Any CPU
		{AA6C40A6-49F7-4B00-8131-8775589C4CBE}.Release|Any CPU.ActiveCfg = Release|Any CPU
		{AA6C40A6-49F7-4B00-8131-8775589C4CBE}.Release|Any CPU.Build.0 = Release|Any CPU
	EndGlobalSection
	GlobalSection(SolutionProperties) = preSolution
		HideSolutionNode = FALSE
	EndGlobalSection
	GlobalSection(ExtensibilityGlobals) = postSolution
		SolutionGuid = {087C4AC5-D85D-4885-8395-15C7815825EF}
	EndGlobalSection
EndGlobal
